
Microsoft Visual Studio Solution File, Format Version 12.00
# Visual Studio Version 17
VisualStudioVersion = 17.4.33205.214
MinimumVisualStudioVersion = 10.0.40219.1
Project("{FAE04EC0-301F-11D3-BF4B-00C04F79EFBC}") = "ELearn", "ELearn\ELearn.csproj", "{836D8175-F05D-466A-8427-2FC3AD5A16B6}"
EndProject
Global
	GlobalSection(SolutionConfigurationPlatforms) = preSolution
		Debug|Any CPU = Debug|Any CPU
		Release|Any CPU = Release|Any CPU
	EndGlobalSection
	GlobalSection(ProjectConfigurationPlatforms) = postSolution
		{836D8175-F05D-466A-8427-2FC3AD5A16B6}.Debug|Any CPU.ActiveCfg = Debug|Any CPU
		{836D8175-F05D-466A-8427-2FC3AD5A16B6}.Debug|Any CPU.Build.0 = Debug|Any CPU
		{836D8175-F05D-466A-8427-2FC3AD5A16B6}.Release|Any CPU.ActiveCfg = Release|Any CPU
		{836D8175-F05D-466A-8427-2FC3AD5A16B6}.Release|Any CPU.Build.0 = Release|Any CPU
	EndGlobalSection
	GlobalSection(SolutionProperties) = preSolution
		HideSolutionNode = FALSE
	EndGlobalSection
	GlobalSection(ExtensibilityGlobals) = postSolution
		SolutionGuid = {0D77E6CA-F673-49DE-AB77-68ED79BA8BE1}
	EndGlobalSection
EndGlobal
